
Microsoft Visual Studio Solution File, Format Version 12.00
# Visual Studio Version 16
VisualStudioVersion = 16.0.28803.202
MinimumVisualStudioVersion = 10.0.40219.1
Project("{FAE04EC0-301F-11D3-BF4B-00C04F79EFBC}") = "test", "test\test.csproj", "{D4749C85-30A7-4200-B158-EC8F3C0693CA}"
EndProject
Global
	GlobalSection(SolutionConfigurationPlatforms) = preSolution
		Debug|Any CPU = Debug|Any CPU
		Release|Any CPU = Release|Any CPU
	EndGlobalSection
	GlobalSection(ProjectConfigurationPlatforms) = postSolution
		{D4749C85-30A7-4200-B158-EC8F3C0693CA}.Debug|Any CPU.ActiveCfg = Debug|Any CPU
		{D4749C85-30A7-4200-B158-EC8F3C0693CA}.Debug|Any CPU.Build.0 = Debug|Any CPU
		{D4749C85-30A7-4200-B158-EC8F3C0693CA}.Release|Any CPU.ActiveCfg = Release|Any CPU
		{D4749C85-30A7-4200-B158-EC8F3C0693CA}.Release|Any CPU.Build.0 = Release|Any CPU
	EndGlobalSection
	GlobalSection(SolutionProperties) = preSolution
		HideSolutionNode = FALSE
	EndGlobalSection
	GlobalSection(ExtensibilityGlobals) = postSolution
		SolutionGuid = {4185D95A-6D3E-4BD9-9E44-0FC287C2F2E2}
	EndGlobalSection
EndGlobal
